
Microsoft Visual Studio Solution File, Format Version 12.00
# Visual Studio Version 17
VisualStudioVersion = 17.11.35327.3
MinimumVisualStudioVersion = 10.0.40219.1
Project("{8BC9CEB8-8B4A-11D0-8D11-00A0C91BC942}") = "Heat_calculation", "ConsoleApplication3\ConsoleApplication3.vcxproj", "{191A635E-573C-471D-9FF5-5C577D96EE0A}"
	ProjectSection(ProjectDependencies) = postProject
		{945CA8F3-7890-4DE0-92CD-FDDBD2A863A2} = {945CA8F3-7890-4DE0-92CD-FDDBD2A863A2}
		{A634CF99-658D-4592-BBF0-51A06A1F1364} = {A634CF99-658D-4592-BBF0-51A06A1F1364}
	EndProjectSection
EndProject
Project("{8BC9CEB8-8B4A-11D0-8D11-00A0C91BC942}") = "JDLL", "JDLL\JDLL.vcxproj", "{A634CF99-658D-4592-BBF0-51A06A1F1364}"
EndProject
Project("{8BC9CEB8-8B4A-11D0-8D11-00A0C91BC942}") = "CDLL", "CDLL\CDLL.vcxproj", "{945CA8F3-7890-4DE0-92CD-FDDBD2A863A2}"
EndProject
Project("{8BC9CEB8-8B4A-11D0-8D11-00A0C91BC942}") = "GPUDLL", "GPUDLL\GPUDLL.vcxproj", "{29A4FADE-4A93-FB90-3F75-2B19CE0379BF}"
EndProject
Global
	GlobalSection(SolutionConfigurationPlatforms) = preSolution
		Debug|x64 = Debug|x64
		Debug|x86 = Debug|x86
		Release|x64 = Release|x64
		Release|x86 = Release|x86
	EndGlobalSection
	GlobalSection(ProjectConfigurationPlatforms) = postSolution
		{191A635E-573C-471D-9FF5-5C577D96EE0A}.Debug|x64.ActiveCfg = Debug|x64
		{191A635E-573C-471D-9FF5-5C577D96EE0A}.Debug|x64.Build.0 = Debug|x64
		{191A635E-573C-471D-9FF5-5C577D96EE0A}.Debug|x86.ActiveCfg = Debug|x64
		{191A635E-573C-471D-9FF5-5C577D96EE0A}.Debug|x86.Build.0 = Debug|x64
		{191A635E-573C-471D-9FF5-5C577D96EE0A}.Release|x64.ActiveCfg = Debug|x64
		{191A635E-573C-471D-9FF5-5C577D96EE0A}.Release|x64.Build.0 = Debug|x64
		{191A635E-573C-471D-9FF5-5C577D96EE0A}.Release|x86.ActiveCfg = Release|Win32
		{191A635E-573C-471D-9FF5-5C577D96EE0A}.Release|x86.Build.0 = Release|Win32
		{A634CF99-658D-4592-BBF0-51A06A1F1364}.Debug|x64.ActiveCfg = Debug|x64
		{A634CF99-658D-4592-BBF0-51A06A1F1364}.Debug|x64.Build.0 = Debug|x64
		{A634CF99-658D-4592-BBF0-51A06A1F1364}.Debug|x86.ActiveCfg = Debug|Win32
		{A634CF99-658D-4592-BBF0-51A06A1F1364}.Debug|x86.Build.0 = Debug|Win32
		{A634CF99-658D-4592-BBF0-51A06A1F1364}.Release|x64.ActiveCfg = Debug|x64
		{A634CF99-658D-4592-BBF0-51A06A1F1364}.Release|x64.Build.0 = Debug|x64
		{A634CF99-658D-4592-BBF0-51A06A1F1364}.Release|x86.ActiveCfg = Release|Win32
		{A634CF99-658D-4592-BBF0-51A06A1F1364}.Release|x86.Build.0 = Release|Win32
		{945CA8F3-7890-4DE0-92CD-FDDBD2A863A2}.Debug|x64.ActiveCfg = Debug|x64
		{945CA8F3-7890-4DE0-92CD-FDDBD2A863A2}.Debug|x64.Build.0 = Debug|x64
		{945CA8F3-7890-4DE0-92CD-FDDBD2A863A2}.Debug|x86.ActiveCfg = Debug|Win32
		{945CA8F3-7890-4DE0-92CD-FDDBD2A863A2}.Debug|x86.Build.0 = Debug|Win32
		{945CA8F3-7890-4DE0-92CD-FDDBD2A863A2}.Release|x64.ActiveCfg = Debug|x64
		{945CA8F3-7890-4DE0-92CD-FDDBD2A863A2}.Release|x64.Build.0 = Debug|x64
		{945CA8F3-7890-4DE0-92CD-FDDBD2A863A2}.Release|x86.ActiveCfg = Release|Win32
		{945CA8F3-7890-4DE0-92CD-FDDBD2A863A2}.Release|x86.Build.0 = Release|Win32
		{29A4FADE-4A93-FB90-3F75-2B19CE0379BF}.Debug|x64.ActiveCfg = Debug|x64
		{29A4FADE-4A93-FB90-3F75-2B19CE0379BF}.Debug|x64.Build.0 = Debug|x64
		{29A4FADE-4A93-FB90-3F75-2B19CE0379BF}.Debug|x86.ActiveCfg = Debug|x64
		{29A4FADE-4A93-FB90-3F75-2B19CE0379BF}.Debug|x86.Build.0 = Debug|x64
		{29A4FADE-4A93-FB90-3F75-2B19CE0379BF}.Release|x64.ActiveCfg = Release|x64
		{29A4FADE-4A93-FB90-3F75-2B19CE0379BF}.Release|x64.Build.0 = Release|x64
		{29A4FADE-4A93-FB90-3F75-2B19CE0379BF}.Release|x86.ActiveCfg = Release|x64
		{29A4FADE-4A93-FB90-3F75-2B19CE0379BF}.Release|x86.Build.0 = Release|x64
	EndGlobalSection
	GlobalSection(SolutionProperties) = preSolution
		HideSolutionNode = FALSE
	EndGlobalSection
	GlobalSection(ExtensibilityGlobals) = postSolution
		SolutionGuid = {68E9AB8A-F496-4E43-AA86-DC1E0936C281}
	EndGlobalSection
EndGlobal
